
Microsoft Visual Studio Solution File, Format Version 12.00
# Visual Studio Version 17
VisualStudioVersion = 17.4.33213.308
MinimumVisualStudioVersion = 10.0.40219.1
Project("{FAE04EC0-301F-11D3-BF4B-00C04F79EFBC}") = "Receiver", "Receiver\Receiver.csproj", "{2D9D5F36-C361-44F9-B553-4A9EF8C7FA6D}"
EndProject
Global
	GlobalSection(SolutionConfigurationPlatforms) = preSolution
		Debug|Any CPU = Debug|Any CPU
		Release|Any CPU = Release|Any CPU
	EndGlobalSection
	GlobalSection(ProjectConfigurationPlatforms) = postSolution
		{2D9D5F36-C361-44F9-B553-4A9EF8C7FA6D}.Debug|Any CPU.ActiveCfg = Debug|Any CPU
		{2D9D5F36-C361-44F9-B553-4A9EF8C7FA6D}.Debug|Any CPU.Build.0 = Debug|Any CPU
		{2D9D5F36-C361-44F9-B553-4A9EF8C7FA6D}.Release|Any CPU.ActiveCfg = Release|Any CPU
		{2D9D5F36-C361-44F9-B553-4A9EF8C7FA6D}.Release|Any CPU.Build.0 = Release|Any CPU
	EndGlobalSection
	GlobalSection(SolutionProperties) = preSolution
		HideSolutionNode = FALSE
	EndGlobalSection
	GlobalSection(ExtensibilityGlobals) = postSolution
		SolutionGuid = {0BE9C6D4-CBD4-4D93-BE4A-7BD153166B31}
	EndGlobalSection
EndGlobal
