
Microsoft Visual Studio Solution File, Format Version 12.00
# Visual Studio Version 17
VisualStudioVersion = 17.4.33213.308
MinimumVisualStudioVersion = 10.0.40219.1
Project("{FAE04EC0-301F-11D3-BF4B-00C04F79EFBC}") = "Sender.API", "Sender.API\Sender.API.csproj", "{37E2386F-FE84-4F69-8330-ECADB6340E6F}"
EndProject
Global
	GlobalSection(SolutionConfigurationPlatforms) = preSolution
		Debug|Any CPU = Debug|Any CPU
		Release|Any CPU = Release|Any CPU
	EndGlobalSection
	GlobalSection(ProjectConfigurationPlatforms) = postSolution
		{37E2386F-FE84-4F69-8330-ECADB6340E6F}.Debug|Any CPU.ActiveCfg = Debug|Any CPU
		{37E2386F-FE84-4F69-8330-ECADB6340E6F}.Debug|Any CPU.Build.0 = Debug|Any CPU
		{37E2386F-FE84-4F69-8330-ECADB6340E6F}.Release|Any CPU.ActiveCfg = Release|Any CPU
		{37E2386F-FE84-4F69-8330-ECADB6340E6F}.Release|Any CPU.Build.0 = Release|Any CPU
	EndGlobalSection
	GlobalSection(SolutionProperties) = preSolution
		HideSolutionNode = FALSE
	EndGlobalSection
	GlobalSection(ExtensibilityGlobals) = postSolution
		SolutionGuid = {817AB0E2-F62C-45F4-84CA-AE6E0AF231F9}
	EndGlobalSection
EndGlobal
